
Microsoft Visual Studio Solution File, Format Version 12.00
# Visual Studio Version 16
VisualStudioVersion = 16.0.30711.63
MinimumVisualStudioVersion = 10.0.40219.1
Project("{9A19103F-16F7-4668-BE54-9A1E7A4F7556}") = "Library", "src\Library\Library.csproj", "{374858F9-5B58-42EF-B7A4-426FE86E3D4D}"
EndProject
Project("{9A19103F-16F7-4668-BE54-9A1E7A4F7556}") = "Library.Amazon", "src\Library.Amazon\Library.Amazon.csproj", "{DFB19002-F7EE-4709-B34A-E8F3BFDD759D}"
EndProject
Project("{9A19103F-16F7-4668-BE54-9A1E7A4F7556}") = "Library.Configuration", "src\Library.Configuration\Library.Configuration.csproj", "{BFCCF22C-961C-40EF-AC30-054CF8079F23}"
EndProject
Project("{9A19103F-16F7-4668-BE54-9A1E7A4F7556}") = "Library.Hosting", "src\Library.Hosting\Library.Hosting.csproj", "{50263350-BE3C-4047-AEA1-A16A421842F7}"
EndProject
Project("{9A19103F-16F7-4668-BE54-9A1E7A4F7556}") = "Library.Imaging", "src\Library.Imaging\Library.Imaging.csproj", "{67EDCDF1-BCBE-4A11-B8C7-B027F63543AD}"
EndProject
Project("{9A19103F-16F7-4668-BE54-9A1E7A4F7556}") = "Library.Messaging", "src\Library.Messaging\Library.Messaging.csproj", "{96EC0F78-24AC-4610-895E-682FA408CA2E}"
EndProject
Project("{9A19103F-16F7-4668-BE54-9A1E7A4F7556}") = "Library.Platform", "src\Library.Platform\Library.Platform.csproj", "{8B65DB68-5F34-4CFE-9CE5-3BCB435F5D05}"
EndProject
Project("{9A19103F-16F7-4668-BE54-9A1E7A4F7556}") = "ContentDelivery.BunnyCdn", "src\ContentDelivery.BunnyCdn\ContentDelivery.BunnyCdn.csproj", "{38F31B69-AA30-45D8-BF91-42489BEEFCA2}"
EndProject
Project("{9A19103F-16F7-4668-BE54-9A1E7A4F7556}") = "ContentDelivery.LocalCdn", "src\ContentDelivery.LocalCdn\ContentDelivery.LocalCdn.csproj", "{F4792B3E-0DD6-4AA1-A547-0D4247695886}"
EndProject
Global
	GlobalSection(SolutionConfigurationPlatforms) = preSolution
		Debug|Any CPU = Debug|Any CPU
		Release|Any CPU = Release|Any CPU
	EndGlobalSection
	GlobalSection(ProjectConfigurationPlatforms) = postSolution
		{374858F9-5B58-42EF-B7A4-426FE86E3D4D}.Debug|Any CPU.ActiveCfg = Debug|Any CPU
		{374858F9-5B58-42EF-B7A4-426FE86E3D4D}.Debug|Any CPU.Build.0 = Debug|Any CPU
		{374858F9-5B58-42EF-B7A4-426FE86E3D4D}.Release|Any CPU.ActiveCfg = Release|Any CPU
		{374858F9-5B58-42EF-B7A4-426FE86E3D4D}.Release|Any CPU.Build.0 = Release|Any CPU
		{DFB19002-F7EE-4709-B34A-E8F3BFDD759D}.Debug|Any CPU.ActiveCfg = Debug|Any CPU
		{DFB19002-F7EE-4709-B34A-E8F3BFDD759D}.Debug|Any CPU.Build.0 = Debug|Any CPU
		{DFB19002-F7EE-4709-B34A-E8F3BFDD759D}.Release|Any CPU.ActiveCfg = Release|Any CPU
		{DFB19002-F7EE-4709-B34A-E8F3BFDD759D}.Release|Any CPU.Build.0 = Release|Any CPU
		{BFCCF22C-961C-40EF-AC30-054CF8079F23}.Debug|Any CPU.ActiveCfg = Debug|Any CPU
		{BFCCF22C-961C-40EF-AC30-054CF8079F23}.Debug|Any CPU.Build.0 = Debug|Any CPU
		{BFCCF22C-961C-40EF-AC30-054CF8079F23}.Release|Any CPU.ActiveCfg = Release|Any CPU
		{BFCCF22C-961C-40EF-AC30-054CF8079F23}.Release|Any CPU.Build.0 = Release|Any CPU
		{50263350-BE3C-4047-AEA1-A16A421842F7}.Debug|Any CPU.ActiveCfg = Debug|Any CPU
		{50263350-BE3C-4047-AEA1-A16A421842F7}.Debug|Any CPU.Build.0 = Debug|Any CPU
		{50263350-BE3C-4047-AEA1-A16A421842F7}.Release|Any CPU.ActiveCfg = Release|Any CPU
		{50263350-BE3C-4047-AEA1-A16A421842F7}.Release|Any CPU.Build.0 = Release|Any CPU
		{67EDCDF1-BCBE-4A11-B8C7-B027F63543AD}.Debug|Any CPU.ActiveCfg = Debug|Any CPU
		{67EDCDF1-BCBE-4A11-B8C7-B027F63543AD}.Debug|Any CPU.Build.0 = Debug|Any CPU
		{67EDCDF1-BCBE-4A11-B8C7-B027F63543AD}.Release|Any CPU.ActiveCfg = Release|Any CPU
		{67EDCDF1-BCBE-4A11-B8C7-B027F63543AD}.Release|Any CPU.Build.0 = Release|Any CPU
		{96EC0F78-24AC-4610-895E-682FA408CA2E}.Debug|Any CPU.ActiveCfg = Debug|Any CPU
		{96EC0F78-24AC-4610-895E-682FA408CA2E}.Debug|Any CPU.Build.0 = Debug|Any CPU
		{96EC0F78-24AC-4610-895E-682FA408CA2E}.Release|Any CPU.ActiveCfg = Release|Any CPU
		{96EC0F78-24AC-4610-895E-682FA408CA2E}.Release|Any CPU.Build.0 = Release|Any CPU
		{8B65DB68-5F34-4CFE-9CE5-3BCB435F5D05}.Debug|Any CPU.ActiveCfg = Debug|Any CPU
		{8B65DB68-5F34-4CFE-9CE5-3BCB435F5D05}.Debug|Any CPU.Build.0 = Debug|Any CPU
		{8B65DB68-5F34-4CFE-9CE5-3BCB435F5D05}.Release|Any CPU.ActiveCfg = Release|Any CPU
		{8B65DB68-5F34-4CFE-9CE5-3BCB435F5D05}.Release|Any CPU.Build.0 = Release|Any CPU
		{38F31B69-AA30-45D8-BF91-42489BEEFCA2}.Debug|Any CPU.ActiveCfg = Debug|Any CPU
		{38F31B69-AA30-45D8-BF91-42489BEEFCA2}.Debug|Any CPU.Build.0 = Debug|Any CPU
		{38F31B69-AA30-45D8-BF91-42489BEEFCA2}.Release|Any CPU.ActiveCfg = Release|Any CPU
		{38F31B69-AA30-45D8-BF91-42489BEEFCA2}.Release|Any CPU.Build.0 = Release|Any CPU
		{F4792B3E-0DD6-4AA1-A547-0D4247695886}.Debug|Any CPU.ActiveCfg = Debug|Any CPU
		{F4792B3E-0DD6-4AA1-A547-0D4247695886}.Debug|Any CPU.Build.0 = Debug|Any CPU
		{F4792B3E-0DD6-4AA1-A547-0D4247695886}.Release|Any CPU.ActiveCfg = Release|Any CPU
		{F4792B3E-0DD6-4AA1-A547-0D4247695886}.Release|Any CPU.Build.0 = Release|Any CPU
	EndGlobalSection
	GlobalSection(SolutionProperties) = preSolution
		HideSolutionNode = FALSE
	EndGlobalSection
	GlobalSection(ExtensibilityGlobals) = postSolution
		SolutionGuid = {9CEA452C-5666-4AAD-BA93-FC98CE79020C}
	EndGlobalSection
EndGlobal
