
Microsoft Visual Studio Solution File, Format Version 12.00
# Visual Studio Version 16
VisualStudioVersion = 16.0.30711.63
MinimumVisualStudioVersion = 10.0.40219.1
Project("{9A19103F-16F7-4668-BE54-9A1E7A4F7556}") = "Library", "src\Library\Library.csproj", "{374858F9-5B58-42EF-B7A4-426FE86E3D4D}"
EndProject
Project("{9A19103F-16F7-4668-BE54-9A1E7A4F7556}") = "Library.Amazon", "src\Library.Amazon\Library.Amazon.csproj", "{DFB19002-F7EE-4709-B34A-E8F3BFDD759D}"
EndProject
Project("{9A19103F-16F7-4668-BE54-9A1E7A4F7556}") = "Library.Hosting", "src\Library.Hosting\Library.Hosting.csproj", "{50263350-BE3C-4047-AEA1-A16A421842F7}"
EndProject
Project("{9A19103F-16F7-4668-BE54-9A1E7A4F7556}") = "Library.Imaging", "src\Library.Imaging\Library.Imaging.csproj", "{67EDCDF1-BCBE-4A11-B8C7-B027F63543AD}"
EndProject
Project("{9A19103F-16F7-4668-BE54-9A1E7A4F7556}") = "Library.Platform", "src\Library.Platform\Library.Platform.csproj", "{8B65DB68-5F34-4CFE-9CE5-3BCB435F5D05}"
EndProject
Project("{9A19103F-16F7-4668-BE54-9A1E7A4F7556}") = "ContentDelivery.BunnyCdn", "src\ContentDelivery.BunnyCdn\ContentDelivery.BunnyCdn.csproj", "{38F31B69-AA30-45D8-BF91-42489BEEFCA2}"
EndProject
Project("{9A19103F-16F7-4668-BE54-9A1E7A4F7556}") = "ContentDelivery.LocalCdn", "src\ContentDelivery.LocalCdn\ContentDelivery.LocalCdn.csproj", "{F4792B3E-0DD6-4AA1-A547-0D4247695886}"
EndProject
Project("{9A19103F-16F7-4668-BE54-9A1E7A4F7556}") = "Library.Autofac", "src\Library.Autofac\Library.Autofac.csproj", "{E947D95F-EDF7-4010-BE6F-5FB6F8221141}"
EndProject
Project("{9A19103F-16F7-4668-BE54-9A1E7A4F7556}") = "Library.Serilog", "src\Library.Serilog\Library.Serilog.csproj", "{5DB605C9-FF6C-40D2-A5FB-981128AF4BEB}"
EndProject
Project("{9A19103F-16F7-4668-BE54-9A1E7A4F7556}") = "Library.GeoLocation", "src\Library.GeoLocation\Library.GeoLocation.csproj", "{06681561-703B-4CD4-B323-DF2A5DF642F9}"
EndProject
Project("{2150E333-8FDC-42A3-9474-1A3956D46DE8}") = "Tests", "Tests", "{EE6866F1-F95A-4E92-B2FE-B6B75A46E131}"
EndProject
Project("{FAE04EC0-301F-11D3-BF4B-00C04F79EFBC}") = "Library.GeoLocation.Tests", "src\Tests\Library.GeoLocation.Tests\Library.GeoLocation.Tests.csproj", "{2120B011-F47B-4886-BB9A-180A409AF08B}"
EndProject
Global
	GlobalSection(SolutionConfigurationPlatforms) = preSolution
		Debug|Any CPU = Debug|Any CPU
		Release|Any CPU = Release|Any CPU
	EndGlobalSection
	GlobalSection(ProjectConfigurationPlatforms) = postSolution
		{374858F9-5B58-42EF-B7A4-426FE86E3D4D}.Debug|Any CPU.ActiveCfg = Debug|Any CPU
		{374858F9-5B58-42EF-B7A4-426FE86E3D4D}.Debug|Any CPU.Build.0 = Debug|Any CPU
		{374858F9-5B58-42EF-B7A4-426FE86E3D4D}.Release|Any CPU.ActiveCfg = Release|Any CPU
		{374858F9-5B58-42EF-B7A4-426FE86E3D4D}.Release|Any CPU.Build.0 = Release|Any CPU
		{DFB19002-F7EE-4709-B34A-E8F3BFDD759D}.Debug|Any CPU.ActiveCfg = Debug|Any CPU
		{DFB19002-F7EE-4709-B34A-E8F3BFDD759D}.Debug|Any CPU.Build.0 = Debug|Any CPU
		{DFB19002-F7EE-4709-B34A-E8F3BFDD759D}.Release|Any CPU.ActiveCfg = Release|Any CPU
		{DFB19002-F7EE-4709-B34A-E8F3BFDD759D}.Release|Any CPU.Build.0 = Release|Any CPU
		{50263350-BE3C-4047-AEA1-A16A421842F7}.Debug|Any CPU.ActiveCfg = Debug|Any CPU
		{50263350-BE3C-4047-AEA1-A16A421842F7}.Debug|Any CPU.Build.0 = Debug|Any CPU
		{50263350-BE3C-4047-AEA1-A16A421842F7}.Release|Any CPU.ActiveCfg = Release|Any CPU
		{50263350-BE3C-4047-AEA1-A16A421842F7}.Release|Any CPU.Build.0 = Release|Any CPU
		{67EDCDF1-BCBE-4A11-B8C7-B027F63543AD}.Debug|Any CPU.ActiveCfg = Debug|Any CPU
		{67EDCDF1-BCBE-4A11-B8C7-B027F63543AD}.Debug|Any CPU.Build.0 = Debug|Any CPU
		{67EDCDF1-BCBE-4A11-B8C7-B027F63543AD}.Release|Any CPU.ActiveCfg = Release|Any CPU
		{67EDCDF1-BCBE-4A11-B8C7-B027F63543AD}.Release|Any CPU.Build.0 = Release|Any CPU
		{8B65DB68-5F34-4CFE-9CE5-3BCB435F5D05}.Debug|Any CPU.ActiveCfg = Debug|Any CPU
		{8B65DB68-5F34-4CFE-9CE5-3BCB435F5D05}.Debug|Any CPU.Build.0 = Debug|Any CPU
		{8B65DB68-5F34-4CFE-9CE5-3BCB435F5D05}.Release|Any CPU.ActiveCfg = Release|Any CPU
		{8B65DB68-5F34-4CFE-9CE5-3BCB435F5D05}.Release|Any CPU.Build.0 = Release|Any CPU
		{38F31B69-AA30-45D8-BF91-42489BEEFCA2}.Debug|Any CPU.ActiveCfg = Debug|Any CPU
		{38F31B69-AA30-45D8-BF91-42489BEEFCA2}.Debug|Any CPU.Build.0 = Debug|Any CPU
		{38F31B69-AA30-45D8-BF91-42489BEEFCA2}.Release|Any CPU.ActiveCfg = Release|Any CPU
		{38F31B69-AA30-45D8-BF91-42489BEEFCA2}.Release|Any CPU.Build.0 = Release|Any CPU
		{F4792B3E-0DD6-4AA1-A547-0D4247695886}.Debug|Any CPU.ActiveCfg = Debug|Any CPU
		{F4792B3E-0DD6-4AA1-A547-0D4247695886}.Debug|Any CPU.Build.0 = Debug|Any CPU
		{F4792B3E-0DD6-4AA1-A547-0D4247695886}.Release|Any CPU.ActiveCfg = Release|Any CPU
		{F4792B3E-0DD6-4AA1-A547-0D4247695886}.Release|Any CPU.Build.0 = Release|Any CPU
		{E947D95F-EDF7-4010-BE6F-5FB6F8221141}.Debug|Any CPU.ActiveCfg = Debug|Any CPU
		{E947D95F-EDF7-4010-BE6F-5FB6F8221141}.Debug|Any CPU.Build.0 = Debug|Any CPU
		{E947D95F-EDF7-4010-BE6F-5FB6F8221141}.Release|Any CPU.ActiveCfg = Release|Any CPU
		{E947D95F-EDF7-4010-BE6F-5FB6F8221141}.Release|Any CPU.Build.0 = Release|Any CPU
		{5DB605C9-FF6C-40D2-A5FB-981128AF4BEB}.Debug|Any CPU.ActiveCfg = Debug|Any CPU
		{5DB605C9-FF6C-40D2-A5FB-981128AF4BEB}.Debug|Any CPU.Build.0 = Debug|Any CPU
		{5DB605C9-FF6C-40D2-A5FB-981128AF4BEB}.Release|Any CPU.ActiveCfg = Release|Any CPU
		{5DB605C9-FF6C-40D2-A5FB-981128AF4BEB}.Release|Any CPU.Build.0 = Release|Any CPU
		{06681561-703B-4CD4-B323-DF2A5DF642F9}.Debug|Any CPU.ActiveCfg = Debug|Any CPU
		{06681561-703B-4CD4-B323-DF2A5DF642F9}.Debug|Any CPU.Build.0 = Debug|Any CPU
		{06681561-703B-4CD4-B323-DF2A5DF642F9}.Release|Any CPU.ActiveCfg = Release|Any CPU
		{06681561-703B-4CD4-B323-DF2A5DF642F9}.Release|Any CPU.Build.0 = Release|Any CPU
		{2120B011-F47B-4886-BB9A-180A409AF08B}.Debug|Any CPU.ActiveCfg = Debug|Any CPU
		{2120B011-F47B-4886-BB9A-180A409AF08B}.Debug|Any CPU.Build.0 = Debug|Any CPU
		{2120B011-F47B-4886-BB9A-180A409AF08B}.Release|Any CPU.ActiveCfg = Release|Any CPU
		{2120B011-F47B-4886-BB9A-180A409AF08B}.Release|Any CPU.Build.0 = Release|Any CPU
	EndGlobalSection
	GlobalSection(SolutionProperties) = preSolution
		HideSolutionNode = FALSE
	EndGlobalSection
	GlobalSection(NestedProjects) = preSolution
		{2120B011-F47B-4886-BB9A-180A409AF08B} = {EE6866F1-F95A-4E92-B2FE-B6B75A46E131}
	EndGlobalSection
	GlobalSection(ExtensibilityGlobals) = postSolution
		SolutionGuid = {9CEA452C-5666-4AAD-BA93-FC98CE79020C}
	EndGlobalSection
EndGlobal
